
Microsoft Visual Studio Solution File, Format Version 12.00
# Visual Studio Version 17
VisualStudioVersion = 17.13.35931.197 d17.13
MinimumVisualStudioVersion = 10.0.40219.1
Project("{8BC9CEB8-8B4A-11D0-8D11-00A0C91BC942}") = "ConexionBaseDatosSQL", "ConexionBaseDatosSQL.vcxproj", "{E807B4CC-E7E7-4130-BE27-FD9BED053665}"
EndProject
Global
	GlobalSection(SolutionConfigurationPlatforms) = preSolution
		Debug|x64 = Debug|x64
		Debug|x86 = Debug|x86
		Release|x64 = Release|x64
		Release|x86 = Release|x86
	EndGlobalSection
	GlobalSection(ProjectConfigurationPlatforms) = postSolution
		{E807B4CC-E7E7-4130-BE27-FD9BED053665}.Debug|x64.ActiveCfg = Debug|x64
		{E807B4CC-E7E7-4130-BE27-FD9BED053665}.Debug|x64.Build.0 = Debug|x64
		{E807B4CC-E7E7-4130-BE27-FD9BED053665}.Debug|x86.ActiveCfg = Debug|Win32
		{E807B4CC-E7E7-4130-BE27-FD9BED053665}.Debug|x86.Build.0 = Debug|Win32
		{E807B4CC-E7E7-4130-BE27-FD9BED053665}.Release|x64.ActiveCfg = Release|x64
		{E807B4CC-E7E7-4130-BE27-FD9BED053665}.Release|x64.Build.0 = Release|x64
		{E807B4CC-E7E7-4130-BE27-FD9BED053665}.Release|x86.ActiveCfg = Release|Win32
		{E807B4CC-E7E7-4130-BE27-FD9BED053665}.Release|x86.Build.0 = Release|Win32
	EndGlobalSection
	GlobalSection(SolutionProperties) = preSolution
		HideSolutionNode = FALSE
	EndGlobalSection
	GlobalSection(ExtensibilityGlobals) = postSolution
		SolutionGuid = {C5EB6AD0-8FE6-458A-8419-3F657D1446C3}
	EndGlobalSection
EndGlobal
